
Microsoft Visual Studio Solution File, Format Version 12.00
# Visual Studio 14
VisualStudioVersion = 14.0.25420.1
MinimumVisualStudioVersion = 10.0.40219.1
Project("{2150E333-8FDC-42A3-9474-1A3956D46DE8}") = "src", "src", "{1EA69A8B-10AE-4A44-95B1-DD139DBB1F87}"
EndProject
Project("{2150E333-8FDC-42A3-9474-1A3956D46DE8}") = "Solution Items", "Solution Items", "{45ECC0E9-9994-4743-BD99-8834332041F7}"
	ProjectSection(SolutionItems) = preProject
		global.json = global.json
	EndProjectSection
EndProject
Project("{8BB2217D-0F2D-49D1-97BC-3654ED321F3B}") = "Database ASP.NET Core", "src\Database ASP.NET Core\Database ASP.NET Core.xproj", "{CEE193AC-1A38-4EA0-AB5C-2B74A45AD0B8}"
EndProject
Global
	GlobalSection(SolutionConfigurationPlatforms) = preSolution
		Debug|Any CPU = Debug|Any CPU
		Release|Any CPU = Release|Any CPU
	EndGlobalSection
	GlobalSection(ProjectConfigurationPlatforms) = postSolution
		{CEE193AC-1A38-4EA0-AB5C-2B74A45AD0B8}.Debug|Any CPU.ActiveCfg = Debug|Any CPU
		{CEE193AC-1A38-4EA0-AB5C-2B74A45AD0B8}.Debug|Any CPU.Build.0 = Debug|Any CPU
		{CEE193AC-1A38-4EA0-AB5C-2B74A45AD0B8}.Release|Any CPU.ActiveCfg = Release|Any CPU
		{CEE193AC-1A38-4EA0-AB5C-2B74A45AD0B8}.Release|Any CPU.Build.0 = Release|Any CPU
	EndGlobalSection
	GlobalSection(SolutionProperties) = preSolution
		HideSolutionNode = FALSE
	EndGlobalSection
	GlobalSection(NestedProjects) = preSolution
		{CEE193AC-1A38-4EA0-AB5C-2B74A45AD0B8} = {1EA69A8B-10AE-4A44-95B1-DD139DBB1F87}
	EndGlobalSection
EndGlobal
